
Microsoft Visual Studio Solution File, Format Version 12.00
# Visual Studio 15
VisualStudioVersion = 15.0.28307.539
MinimumVisualStudioVersion = 10.0.40219.1
Project("{FAE04EC0-301F-11D3-BF4B-00C04F79EFBC}") = "考试系统服务端", "考试系统服务端\考试系统服务端.csproj", "{8133FCFE-2EE1-4C37-BCFC-88FE992F37F5}"
EndProject
Project("{FAE04EC0-301F-11D3-BF4B-00C04F79EFBC}") = "Seri", "考试系统服务端\Seri\Seri.csproj", "{205308C5-58EE-4467-B0C5-06E866D7A8DD}"
EndProject
Project("{FAE04EC0-301F-11D3-BF4B-00C04F79EFBC}") = "DataModel", "考试系统服务端\DataModel\DataModel.csproj", "{C48BA6B4-541B-4B8C-8B82-407D43E84A9C}"
EndProject
Global
	GlobalSection(SolutionConfigurationPlatforms) = preSolution
		Debug|Any CPU = Debug|Any CPU
		Release|Any CPU = Release|Any CPU
	EndGlobalSection
	GlobalSection(ProjectConfigurationPlatforms) = postSolution
		{8133FCFE-2EE1-4C37-BCFC-88FE992F37F5}.Debug|Any CPU.ActiveCfg = Debug|Any CPU
		{8133FCFE-2EE1-4C37-BCFC-88FE992F37F5}.Debug|Any CPU.Build.0 = Debug|Any CPU
		{8133FCFE-2EE1-4C37-BCFC-88FE992F37F5}.Release|Any CPU.ActiveCfg = Release|Any CPU
		{8133FCFE-2EE1-4C37-BCFC-88FE992F37F5}.Release|Any CPU.Build.0 = Release|Any CPU
		{205308C5-58EE-4467-B0C5-06E866D7A8DD}.Debug|Any CPU.ActiveCfg = Debug|Any CPU
		{205308C5-58EE-4467-B0C5-06E866D7A8DD}.Debug|Any CPU.Build.0 = Debug|Any CPU
		{205308C5-58EE-4467-B0C5-06E866D7A8DD}.Release|Any CPU.ActiveCfg = Release|Any CPU
		{205308C5-58EE-4467-B0C5-06E866D7A8DD}.Release|Any CPU.Build.0 = Release|Any CPU
		{C48BA6B4-541B-4B8C-8B82-407D43E84A9C}.Debug|Any CPU.ActiveCfg = Debug|Any CPU
		{C48BA6B4-541B-4B8C-8B82-407D43E84A9C}.Debug|Any CPU.Build.0 = Debug|Any CPU
		{C48BA6B4-541B-4B8C-8B82-407D43E84A9C}.Release|Any CPU.ActiveCfg = Release|Any CPU
		{C48BA6B4-541B-4B8C-8B82-407D43E84A9C}.Release|Any CPU.Build.0 = Release|Any CPU
	EndGlobalSection
	GlobalSection(SolutionProperties) = preSolution
		HideSolutionNode = FALSE
	EndGlobalSection
	GlobalSection(ExtensibilityGlobals) = postSolution
		SolutionGuid = {9F906E1E-1297-4202-B22B-E84F0AD9CD3C}
	EndGlobalSection
EndGlobal
